{
  "name": "aerogrid",
  "lockfileVersion": 3,
  "requires": true,
  "packages": {
    "": {
      "dependencies": {
        "protomaps-themes-base": "^4.5.0"
      }
    },
    "node_modules/protomaps-themes-base": {
      "version": "4.5.0",
      "resolved": "https://registry.npmjs.org/protomaps-themes-base/-/protomaps-themes-base-4.5.0.tgz",
      "integrity": "sha512-z5A6oXAXNi/CHEIbCfzZ/6uVDgnv3pO4C3LFvomxjUFXwyqWZ7HJdfPoNJSIlsvaQubqsaxCbamEzqBr/W7vkg==",
      "deprecated": "This package has been migrated to @protomaps/basemaps with a new major version. See the CHANGELOG at https://github.com/protomaps/basemaps/blob/main/CHANGELOG.md for how to migrate.",
      "license": "BSD-3-Clause"
    }
  }
}
